
Microsoft Visual Studio Solution File, Format Version 12.00
# Visual Studio Version 16
VisualStudioVersion = 16.0.30523.141
MinimumVisualStudioVersion = 10.0.40219.1
Project("{9A19103F-16F7-4668-BE54-9A1E7A4F7556}") = "BusinessLayer", "BusinessLayer\BusinessLayer.csproj", "{6CCEFB8C-6217-4BB9-87B1-1457F165B11C}"
EndProject
Project("{9A19103F-16F7-4668-BE54-9A1E7A4F7556}") = "BusinessLayer.Tests", "BusinessLayer.Tests\BusinessLayer.Tests.csproj", "{27EF1F7D-4F07-4966-B9F4-35C9785D25E6}"
EndProject
Project("{FAE04EC0-301F-11D3-BF4B-00C04F79EFBC}") = "DataLayer", "DataLayer\DataLayer.csproj", "{18C35670-0E6C-4436-B705-432ADF6A396B}"
EndProject
Project("{FAE04EC0-301F-11D3-BF4B-00C04F79EFBC}") = "PresentationLayer", "PresentationLayer\PresentationLayer.csproj", "{5CA2C847-2673-46AA-9934-9DF8016470E3}"
EndProject
Project("{FAE04EC0-301F-11D3-BF4B-00C04F79EFBC}") = "DataLayer.Tests", "DataLayer.Tests\DataLayer.Tests.csproj", "{C0596DD2-F39D-42D6-8514-D71B1517AE87}"
EndProject
Global
	GlobalSection(SolutionConfigurationPlatforms) = preSolution
		Debug|Any CPU = Debug|Any CPU
		Release|Any CPU = Release|Any CPU
	EndGlobalSection
	GlobalSection(ProjectConfigurationPlatforms) = postSolution
		{6CCEFB8C-6217-4BB9-87B1-1457F165B11C}.Debug|Any CPU.ActiveCfg = Debug|Any CPU
		{6CCEFB8C-6217-4BB9-87B1-1457F165B11C}.Debug|Any CPU.Build.0 = Debug|Any CPU
		{6CCEFB8C-6217-4BB9-87B1-1457F165B11C}.Release|Any CPU.ActiveCfg = Release|Any CPU
		{6CCEFB8C-6217-4BB9-87B1-1457F165B11C}.Release|Any CPU.Build.0 = Release|Any CPU
		{27EF1F7D-4F07-4966-B9F4-35C9785D25E6}.Debug|Any CPU.ActiveCfg = Debug|Any CPU
		{27EF1F7D-4F07-4966-B9F4-35C9785D25E6}.Debug|Any CPU.Build.0 = Debug|Any CPU
		{27EF1F7D-4F07-4966-B9F4-35C9785D25E6}.Release|Any CPU.ActiveCfg = Release|Any CPU
		{27EF1F7D-4F07-4966-B9F4-35C9785D25E6}.Release|Any CPU.Build.0 = Release|Any CPU
		{18C35670-0E6C-4436-B705-432ADF6A396B}.Debug|Any CPU.ActiveCfg = Debug|Any CPU
		{18C35670-0E6C-4436-B705-432ADF6A396B}.Debug|Any CPU.Build.0 = Debug|Any CPU
		{18C35670-0E6C-4436-B705-432ADF6A396B}.Release|Any CPU.ActiveCfg = Release|Any CPU
		{18C35670-0E6C-4436-B705-432ADF6A396B}.Release|Any CPU.Build.0 = Release|Any CPU
		{5CA2C847-2673-46AA-9934-9DF8016470E3}.Debug|Any CPU.ActiveCfg = Debug|Any CPU
		{5CA2C847-2673-46AA-9934-9DF8016470E3}.Debug|Any CPU.Build.0 = Debug|Any CPU
		{5CA2C847-2673-46AA-9934-9DF8016470E3}.Release|Any CPU.ActiveCfg = Release|Any CPU
		{5CA2C847-2673-46AA-9934-9DF8016470E3}.Release|Any CPU.Build.0 = Release|Any CPU
		{C0596DD2-F39D-42D6-8514-D71B1517AE87}.Debug|Any CPU.ActiveCfg = Debug|Any CPU
		{C0596DD2-F39D-42D6-8514-D71B1517AE87}.Debug|Any CPU.Build.0 = Debug|Any CPU
		{C0596DD2-F39D-42D6-8514-D71B1517AE87}.Release|Any CPU.ActiveCfg = Release|Any CPU
		{C0596DD2-F39D-42D6-8514-D71B1517AE87}.Release|Any CPU.Build.0 = Release|Any CPU
	EndGlobalSection
	GlobalSection(SolutionProperties) = preSolution
		HideSolutionNode = FALSE
	EndGlobalSection
	GlobalSection(ExtensibilityGlobals) = postSolution
		SolutionGuid = {964F1FCB-75CF-433C-A93F-CD3342106F91}
	EndGlobalSection
EndGlobal
